
Microsoft Visual Studio Solution File, Format Version 12.00
# Visual Studio Version 16
VisualStudioVersion = 16.0.30114.105
MinimumVisualStudioVersion = 10.0.40219.1
Project("{FAE04EC0-301F-11D3-BF4B-00C04F79EFBC}") = "SnakeGame", "SnakeGame.csproj", "{F567DA18-4D9A-4E77-A73E-C92B168C1562}"
EndProject
Global
	GlobalSection(SolutionConfigurationPlatforms) = preSolution
		Debug|Any CPU = Debug|Any CPU
		Release|Any CPU = Release|Any CPU
	EndGlobalSection
	GlobalSection(ProjectConfigurationPlatforms) = postSolution
		{F567DA18-4D9A-4E77-A73E-C92B168C1562}.Debug|Any CPU.ActiveCfg = Debug|Any CPU
		{F567DA18-4D9A-4E77-A73E-C92B168C1562}.Debug|Any CPU.Build.0 = Debug|Any CPU
		{F567DA18-4D9A-4E77-A73E-C92B168C1562}.Release|Any CPU.ActiveCfg = Release|Any CPU
		{F567DA18-4D9A-4E77-A73E-C92B168C1562}.Release|Any CPU.Build.0 = Release|Any CPU
	EndGlobalSection
	GlobalSection(SolutionProperties) = preSolution
		HideSolutionNode = FALSE
	EndGlobalSection
	GlobalSection(ExtensibilityGlobals) = postSolution
		SolutionGuid = {51419F08-B962-4188-A7E4-41B8590BE8D7}
	EndGlobalSection
EndGlobal
